
Microsoft Visual Studio Solution File, Format Version 12.00
# Visual Studio Version 16
VisualStudioVersion = 16.0.30523.141
MinimumVisualStudioVersion = 10.0.40219.1
Project("{FAE04EC0-301F-11D3-BF4B-00C04F79EFBC}") = "Review_Compiler", "Review_Compiler\Review_Compiler.csproj", "{1DA781D1-1AF9-45B9-9194-9C1956931FA3}"
EndProject
Global
	GlobalSection(SolutionConfigurationPlatforms) = preSolution
		Debug|Any CPU = Debug|Any CPU
		Release|Any CPU = Release|Any CPU
	EndGlobalSection
	GlobalSection(ProjectConfigurationPlatforms) = postSolution
		{1DA781D1-1AF9-45B9-9194-9C1956931FA3}.Debug|Any CPU.ActiveCfg = Debug|Any CPU
		{1DA781D1-1AF9-45B9-9194-9C1956931FA3}.Debug|Any CPU.Build.0 = Debug|Any CPU
		{1DA781D1-1AF9-45B9-9194-9C1956931FA3}.Release|Any CPU.ActiveCfg = Release|Any CPU
		{1DA781D1-1AF9-45B9-9194-9C1956931FA3}.Release|Any CPU.Build.0 = Release|Any CPU
	EndGlobalSection
	GlobalSection(SolutionProperties) = preSolution
		HideSolutionNode = FALSE
	EndGlobalSection
	GlobalSection(ExtensibilityGlobals) = postSolution
		SolutionGuid = {A03E7149-29C5-4B7B-A3E2-2DD8E7E39B21}
	EndGlobalSection
EndGlobal
